
Microsoft Visual Studio Solution File, Format Version 12.00
# Visual Studio Version 17
VisualStudioVersion = 17.4.33213.308
MinimumVisualStudioVersion = 10.0.40219.1
Project("{F184B08F-C81C-45F6-A57F-5ABD9991F28F}") = "ElektriRakendus", "ElektriRakendus\ElektriRakendus.vbproj", "{ABDEA896-3C52-419E-A769-E829D22ED393}"
EndProject
Project("{F184B08F-C81C-45F6-A57F-5ABD9991F28F}") = "Andmebaas", "PrjAndmebaas\Andmebaas.vbproj", "{8C256670-32E2-4AA1-8452-CB5AF3F5D5BC}"
EndProject
Project("{F184B08F-C81C-45F6-A57F-5ABD9991F28F}") = "AndmebaasFormid", "PrjAndmebaasTestForm\AndmebaasFormid.vbproj", "{BBA7BC69-F601-47E6-ACED-5CB7C2BB9981}"
EndProject
Project("{F184B08F-C81C-45F6-A57F-5ABD9991F28F}") = "GraafikControl", "GraafikControl\GraafikControl.vbproj", "{775C52B3-03C0-4D8F-A6C2-3D4B9301E579}"
EndProject
Project("{F184B08F-C81C-45F6-A57F-5ABD9991F28F}") = "KodumasinKalkulaator", "KodumasinKalkulaator\KodumasinKalkulaator.vbproj", "{3B50051F-1966-40F3-83F5-C5261C48E558}"
EndProject
Project("{F184B08F-C81C-45F6-A57F-5ABD9991F28F}") = "PakettideVordlus", "ElektriRakendusVana\PakettideVordlus.vbproj", "{CADD79C8-6880-4998-BD5A-97CCEB617F0B}"
EndProject
Project("{F184B08F-C81C-45F6-A57F-5ABD9991F28F}") = "LaadijaKalkulaatorForm", "PrjLaadijaKalkulaator\LaadijaKalkulaatorForm.vbproj", "{3E7D6DDA-BECD-43B9-A5CE-A7E808FD3203}"
EndProject
Project("{F184B08F-C81C-45F6-A57F-5ABD9991F28F}") = "PakettideSim", "PakketideSim\PakettideSim.vbproj", "{1A910732-5E52-4D95-B497-E0AE67320FCF}"
EndProject
Global
	GlobalSection(SolutionConfigurationPlatforms) = preSolution
		Debug|Any CPU = Debug|Any CPU
		Release|Any CPU = Release|Any CPU
	EndGlobalSection
	GlobalSection(ProjectConfigurationPlatforms) = postSolution
		{ABDEA896-3C52-419E-A769-E829D22ED393}.Debug|Any CPU.ActiveCfg = Debug|Any CPU
		{ABDEA896-3C52-419E-A769-E829D22ED393}.Debug|Any CPU.Build.0 = Debug|Any CPU
		{ABDEA896-3C52-419E-A769-E829D22ED393}.Release|Any CPU.ActiveCfg = Release|Any CPU
		{ABDEA896-3C52-419E-A769-E829D22ED393}.Release|Any CPU.Build.0 = Release|Any CPU
		{8C256670-32E2-4AA1-8452-CB5AF3F5D5BC}.Debug|Any CPU.ActiveCfg = Debug|Any CPU
		{8C256670-32E2-4AA1-8452-CB5AF3F5D5BC}.Debug|Any CPU.Build.0 = Debug|Any CPU
		{8C256670-32E2-4AA1-8452-CB5AF3F5D5BC}.Release|Any CPU.ActiveCfg = Release|Any CPU
		{8C256670-32E2-4AA1-8452-CB5AF3F5D5BC}.Release|Any CPU.Build.0 = Release|Any CPU
		{BBA7BC69-F601-47E6-ACED-5CB7C2BB9981}.Debug|Any CPU.ActiveCfg = Debug|Any CPU
		{BBA7BC69-F601-47E6-ACED-5CB7C2BB9981}.Debug|Any CPU.Build.0 = Debug|Any CPU
		{BBA7BC69-F601-47E6-ACED-5CB7C2BB9981}.Release|Any CPU.ActiveCfg = Release|Any CPU
		{BBA7BC69-F601-47E6-ACED-5CB7C2BB9981}.Release|Any CPU.Build.0 = Release|Any CPU
		{775C52B3-03C0-4D8F-A6C2-3D4B9301E579}.Debug|Any CPU.ActiveCfg = Debug|Any CPU
		{775C52B3-03C0-4D8F-A6C2-3D4B9301E579}.Debug|Any CPU.Build.0 = Debug|Any CPU
		{775C52B3-03C0-4D8F-A6C2-3D4B9301E579}.Release|Any CPU.ActiveCfg = Release|Any CPU
		{775C52B3-03C0-4D8F-A6C2-3D4B9301E579}.Release|Any CPU.Build.0 = Release|Any CPU
		{3B50051F-1966-40F3-83F5-C5261C48E558}.Debug|Any CPU.ActiveCfg = Debug|Any CPU
		{3B50051F-1966-40F3-83F5-C5261C48E558}.Debug|Any CPU.Build.0 = Debug|Any CPU
		{3B50051F-1966-40F3-83F5-C5261C48E558}.Release|Any CPU.ActiveCfg = Release|Any CPU
		{3B50051F-1966-40F3-83F5-C5261C48E558}.Release|Any CPU.Build.0 = Release|Any CPU
		{CADD79C8-6880-4998-BD5A-97CCEB617F0B}.Debug|Any CPU.ActiveCfg = Debug|Any CPU
		{CADD79C8-6880-4998-BD5A-97CCEB617F0B}.Debug|Any CPU.Build.0 = Debug|Any CPU
		{CADD79C8-6880-4998-BD5A-97CCEB617F0B}.Release|Any CPU.ActiveCfg = Release|Any CPU
		{CADD79C8-6880-4998-BD5A-97CCEB617F0B}.Release|Any CPU.Build.0 = Release|Any CPU
		{3E7D6DDA-BECD-43B9-A5CE-A7E808FD3203}.Debug|Any CPU.ActiveCfg = Debug|Any CPU
		{3E7D6DDA-BECD-43B9-A5CE-A7E808FD3203}.Debug|Any CPU.Build.0 = Debug|Any CPU
		{3E7D6DDA-BECD-43B9-A5CE-A7E808FD3203}.Release|Any CPU.ActiveCfg = Release|Any CPU
		{3E7D6DDA-BECD-43B9-A5CE-A7E808FD3203}.Release|Any CPU.Build.0 = Release|Any CPU
		{1A910732-5E52-4D95-B497-E0AE67320FCF}.Debug|Any CPU.ActiveCfg = Debug|Any CPU
		{1A910732-5E52-4D95-B497-E0AE67320FCF}.Debug|Any CPU.Build.0 = Debug|Any CPU
		{1A910732-5E52-4D95-B497-E0AE67320FCF}.Release|Any CPU.ActiveCfg = Release|Any CPU
		{1A910732-5E52-4D95-B497-E0AE67320FCF}.Release|Any CPU.Build.0 = Release|Any CPU
	EndGlobalSection
	GlobalSection(SolutionProperties) = preSolution
		HideSolutionNode = FALSE
	EndGlobalSection
	GlobalSection(ExtensibilityGlobals) = postSolution
		SolutionGuid = {DEDA231C-1EFA-4E0C-BDA1-52590D6EF3F8}
	EndGlobalSection
EndGlobal
